
Microsoft Visual Studio Solution File, Format Version 12.00
# Visual Studio Version 17
VisualStudioVersion = 17.5.33516.290
MinimumVisualStudioVersion = 10.0.40219.1
Project("{FAE04EC0-301F-11D3-BF4B-00C04F79EFBC}") = "Interface", "Interface\Interface.csproj", "{ACADDC0A-ECD7-4D06-B44E-A62FCF1B967F}"
EndProject
Global
	GlobalSection(SolutionConfigurationPlatforms) = preSolution
		Debug|Any CPU = Debug|Any CPU
		Release|Any CPU = Release|Any CPU
	EndGlobalSection
	GlobalSection(ProjectConfigurationPlatforms) = postSolution
		{ACADDC0A-ECD7-4D06-B44E-A62FCF1B967F}.Debug|Any CPU.ActiveCfg = Debug|Any CPU
		{ACADDC0A-ECD7-4D06-B44E-A62FCF1B967F}.Debug|Any CPU.Build.0 = Debug|Any CPU
		{ACADDC0A-ECD7-4D06-B44E-A62FCF1B967F}.Release|Any CPU.ActiveCfg = Release|Any CPU
		{ACADDC0A-ECD7-4D06-B44E-A62FCF1B967F}.Release|Any CPU.Build.0 = Release|Any CPU
	EndGlobalSection
	GlobalSection(SolutionProperties) = preSolution
		HideSolutionNode = FALSE
	EndGlobalSection
	GlobalSection(ExtensibilityGlobals) = postSolution
		SolutionGuid = {684F40A9-D72B-4C3B-BC78-245565B78012}
	EndGlobalSection
EndGlobal
