
Microsoft Visual Studio Solution File, Format Version 12.00
# Visual Studio Version 17
VisualStudioVersion = 17.5.33516.290
MinimumVisualStudioVersion = 10.0.40219.1
Project("{FAE04EC0-301F-11D3-BF4B-00C04F79EFBC}") = "GanjilGenapPrima-For", "GanjilGenapPrima-For\GanjilGenapPrima-For.csproj", "{FA4BCE9C-0743-4585-81C5-93718F45439E}"
EndProject
Global
	GlobalSection(SolutionConfigurationPlatforms) = preSolution
		Debug|Any CPU = Debug|Any CPU
		Release|Any CPU = Release|Any CPU
	EndGlobalSection
	GlobalSection(ProjectConfigurationPlatforms) = postSolution
		{FA4BCE9C-0743-4585-81C5-93718F45439E}.Debug|Any CPU.ActiveCfg = Debug|Any CPU
		{FA4BCE9C-0743-4585-81C5-93718F45439E}.Debug|Any CPU.Build.0 = Debug|Any CPU
		{FA4BCE9C-0743-4585-81C5-93718F45439E}.Release|Any CPU.ActiveCfg = Release|Any CPU
		{FA4BCE9C-0743-4585-81C5-93718F45439E}.Release|Any CPU.Build.0 = Release|Any CPU
	EndGlobalSection
	GlobalSection(SolutionProperties) = preSolution
		HideSolutionNode = FALSE
	EndGlobalSection
	GlobalSection(ExtensibilityGlobals) = postSolution
		SolutionGuid = {67BFB2BC-E262-4243-BDBE-E6BE232B1335}
	EndGlobalSection
EndGlobal
