
Microsoft Visual Studio Solution File, Format Version 12.00
# Visual Studio Version 17
VisualStudioVersion = 17.5.33516.290
MinimumVisualStudioVersion = 10.0.40219.1
Project("{FAE04EC0-301F-11D3-BF4B-00C04F79EFBC}") = "tes", "tes\tes.csproj", "{035B4F22-8EF2-4A50-9974-C91F2C8CE960}"
EndProject
Global
	GlobalSection(SolutionConfigurationPlatforms) = preSolution
		Debug|Any CPU = Debug|Any CPU
		Release|Any CPU = Release|Any CPU
	EndGlobalSection
	GlobalSection(ProjectConfigurationPlatforms) = postSolution
		{035B4F22-8EF2-4A50-9974-C91F2C8CE960}.Debug|Any CPU.ActiveCfg = Debug|Any CPU
		{035B4F22-8EF2-4A50-9974-C91F2C8CE960}.Debug|Any CPU.Build.0 = Debug|Any CPU
		{035B4F22-8EF2-4A50-9974-C91F2C8CE960}.Release|Any CPU.ActiveCfg = Release|Any CPU
		{035B4F22-8EF2-4A50-9974-C91F2C8CE960}.Release|Any CPU.Build.0 = Release|Any CPU
	EndGlobalSection
	GlobalSection(SolutionProperties) = preSolution
		HideSolutionNode = FALSE
	EndGlobalSection
	GlobalSection(ExtensibilityGlobals) = postSolution
		SolutionGuid = {B73397AA-DFA4-4322-AA28-5744D7E4E9F6}
	EndGlobalSection
EndGlobal
