
Microsoft Visual Studio Solution File, Format Version 12.00
# Visual Studio Version 17
VisualStudioVersion = 17.5.33627.172
MinimumVisualStudioVersion = 10.0.40219.1
Project("{FAE04EC0-301F-11D3-BF4B-00C04F79EFBC}") = "APIlagi", "APIlagi\APIlagi.csproj", "{CAFCD904-5C0C-4A57-BA63-EEDC9BD36301}"
EndProject
Global
	GlobalSection(SolutionConfigurationPlatforms) = preSolution
		Debug|Any CPU = Debug|Any CPU
		Release|Any CPU = Release|Any CPU
	EndGlobalSection
	GlobalSection(ProjectConfigurationPlatforms) = postSolution
		{CAFCD904-5C0C-4A57-BA63-EEDC9BD36301}.Debug|Any CPU.ActiveCfg = Debug|Any CPU
		{CAFCD904-5C0C-4A57-BA63-EEDC9BD36301}.Debug|Any CPU.Build.0 = Debug|Any CPU
		{CAFCD904-5C0C-4A57-BA63-EEDC9BD36301}.Release|Any CPU.ActiveCfg = Release|Any CPU
		{CAFCD904-5C0C-4A57-BA63-EEDC9BD36301}.Release|Any CPU.Build.0 = Release|Any CPU
	EndGlobalSection
	GlobalSection(SolutionProperties) = preSolution
		HideSolutionNode = FALSE
	EndGlobalSection
	GlobalSection(ExtensibilityGlobals) = postSolution
		SolutionGuid = {DEE4A483-AEC5-4B13-850A-F1C7BFC62156}
	EndGlobalSection
EndGlobal
