
Microsoft Visual Studio Solution File, Format Version 12.00
# Visual Studio Version 17
VisualStudioVersion = 17.5.33516.290
MinimumVisualStudioVersion = 10.0.40219.1
Project("{FAE04EC0-301F-11D3-BF4B-00C04F79EFBC}") = "Statement-Expression", "Statement-Expression\Statement-Expression.csproj", "{EB268AFF-0F6D-4461-998C-9256DD1D5273}"
EndProject
Global
	GlobalSection(SolutionConfigurationPlatforms) = preSolution
		Debug|Any CPU = Debug|Any CPU
		Release|Any CPU = Release|Any CPU
	EndGlobalSection
	GlobalSection(ProjectConfigurationPlatforms) = postSolution
		{EB268AFF-0F6D-4461-998C-9256DD1D5273}.Debug|Any CPU.ActiveCfg = Debug|Any CPU
		{EB268AFF-0F6D-4461-998C-9256DD1D5273}.Debug|Any CPU.Build.0 = Debug|Any CPU
		{EB268AFF-0F6D-4461-998C-9256DD1D5273}.Release|Any CPU.ActiveCfg = Release|Any CPU
		{EB268AFF-0F6D-4461-998C-9256DD1D5273}.Release|Any CPU.Build.0 = Release|Any CPU
	EndGlobalSection
	GlobalSection(SolutionProperties) = preSolution
		HideSolutionNode = FALSE
	EndGlobalSection
	GlobalSection(ExtensibilityGlobals) = postSolution
		SolutionGuid = {ADE07517-C190-4F8B-A18C-5CE3E02938A0}
	EndGlobalSection
EndGlobal
