
Microsoft Visual Studio Solution File, Format Version 12.00
# Visual Studio Version 17
VisualStudioVersion = 17.5.33516.290
MinimumVisualStudioVersion = 10.0.40219.1
Project("{FAE04EC0-301F-11D3-BF4B-00C04F79EFBC}") = "OverLoading", "OverLoading\OverLoading.csproj", "{57A6DAF3-2054-418C-9446-4E9AB6A6A57A}"
EndProject
Global
	GlobalSection(SolutionConfigurationPlatforms) = preSolution
		Debug|Any CPU = Debug|Any CPU
		Release|Any CPU = Release|Any CPU
	EndGlobalSection
	GlobalSection(ProjectConfigurationPlatforms) = postSolution
		{57A6DAF3-2054-418C-9446-4E9AB6A6A57A}.Debug|Any CPU.ActiveCfg = Debug|Any CPU
		{57A6DAF3-2054-418C-9446-4E9AB6A6A57A}.Debug|Any CPU.Build.0 = Debug|Any CPU
		{57A6DAF3-2054-418C-9446-4E9AB6A6A57A}.Release|Any CPU.ActiveCfg = Release|Any CPU
		{57A6DAF3-2054-418C-9446-4E9AB6A6A57A}.Release|Any CPU.Build.0 = Release|Any CPU
	EndGlobalSection
	GlobalSection(SolutionProperties) = preSolution
		HideSolutionNode = FALSE
	EndGlobalSection
	GlobalSection(ExtensibilityGlobals) = postSolution
		SolutionGuid = {8C3262A4-9E3C-4B9E-A081-97E95DDAEAFB}
	EndGlobalSection
EndGlobal
