
Microsoft Visual Studio Solution File, Format Version 12.00
# Visual Studio Version 17
VisualStudioVersion = 17.5.33516.290
MinimumVisualStudioVersion = 10.0.40219.1
Project("{FAE04EC0-301F-11D3-BF4B-00C04F79EFBC}") = "MethodBerparameter", "MethodBerparameter\MethodBerparameter.csproj", "{58004911-7E1F-42D3-B8E7-86B587FDF179}"
EndProject
Global
	GlobalSection(SolutionConfigurationPlatforms) = preSolution
		Debug|Any CPU = Debug|Any CPU
		Release|Any CPU = Release|Any CPU
	EndGlobalSection
	GlobalSection(ProjectConfigurationPlatforms) = postSolution
		{58004911-7E1F-42D3-B8E7-86B587FDF179}.Debug|Any CPU.ActiveCfg = Debug|Any CPU
		{58004911-7E1F-42D3-B8E7-86B587FDF179}.Debug|Any CPU.Build.0 = Debug|Any CPU
		{58004911-7E1F-42D3-B8E7-86B587FDF179}.Release|Any CPU.ActiveCfg = Release|Any CPU
		{58004911-7E1F-42D3-B8E7-86B587FDF179}.Release|Any CPU.Build.0 = Release|Any CPU
	EndGlobalSection
	GlobalSection(SolutionProperties) = preSolution
		HideSolutionNode = FALSE
	EndGlobalSection
	GlobalSection(ExtensibilityGlobals) = postSolution
		SolutionGuid = {E715B4C1-583A-4C4E-AEA7-74203DA6BCEC}
	EndGlobalSection
EndGlobal
