
Microsoft Visual Studio Solution File, Format Version 12.00
# Visual Studio Version 16
VisualStudioVersion = 16.0.32126.315
MinimumVisualStudioVersion = 10.0.40219.1
Project("{FAE04EC0-301F-11D3-BF4B-00C04F79EFBC}") = "Perpustakaan", "Perpustakaan\Perpustakaan.csproj", "{4EFCB73E-F861-4374-A6C7-495B3BBE9AD7}"
EndProject
Global
	GlobalSection(SolutionConfigurationPlatforms) = preSolution
		Debug|Any CPU = Debug|Any CPU
		Release|Any CPU = Release|Any CPU
	EndGlobalSection
	GlobalSection(ProjectConfigurationPlatforms) = postSolution
		{4EFCB73E-F861-4374-A6C7-495B3BBE9AD7}.Debug|Any CPU.ActiveCfg = Debug|Any CPU
		{4EFCB73E-F861-4374-A6C7-495B3BBE9AD7}.Debug|Any CPU.Build.0 = Debug|Any CPU
		{4EFCB73E-F861-4374-A6C7-495B3BBE9AD7}.Release|Any CPU.ActiveCfg = Release|Any CPU
		{4EFCB73E-F861-4374-A6C7-495B3BBE9AD7}.Release|Any CPU.Build.0 = Release|Any CPU
	EndGlobalSection
	GlobalSection(SolutionProperties) = preSolution
		HideSolutionNode = FALSE
	EndGlobalSection
	GlobalSection(ExtensibilityGlobals) = postSolution
		SolutionGuid = {00F7A8FF-C60F-4EBC-80C2-A47947BDB7CA}
	EndGlobalSection
EndGlobal
